// !$*UTF8*$!
{
	archiveVersion = 1;
	classes = {
	};
	objectVersion = 50;
	objects = {

/* Begin PBXBuildFile section */
		7003795E24D3E701004DC395 /* AppDelegate.swift in Sources */ = {isa = PBXBuildFile; fileRef = 7003795D24D3E701004DC395 /* AppDelegate.swift */; };
		7003796024D3E701004DC395 /* ProgramViewController.swift in Sources */ = {isa = PBXBuildFile; fileRef = 7003795F24D3E701004DC395 /* ProgramViewController.swift */; };
		7003796224D3E701004DC395 /* CalendarViewController.swift in Sources */ = {isa = PBXBuildFile; fileRef = 7003796124D3E701004DC395 /* CalendarViewController.swift */; };
		7003796524D3E701004DC395 /* Main.storyboard in Resources */ = {isa = PBXBuildFile; fileRef = 7003796324D3E701004DC395 /* Main.storyboard */; };
		7003796724D3E702004DC395 /* Assets.xcassets in Resources */ = {isa = PBXBuildFile; fileRef = 7003796624D3E702004DC395 /* Assets.xcassets */; };
		7003796A24D3E702004DC395 /* LaunchScreen.storyboard in Resources */ = {isa = PBXBuildFile; fileRef = 7003796824D3E702004DC395 /* LaunchScreen.storyboard */; };
		7003797524D3E702004DC395 /* Ndela054_UPEAppTests.swift in Sources */ = {isa = PBXBuildFile; fileRef = 7003797424D3E702004DC395 /* Ndela054_UPEAppTests.swift */; };
		7003798024D3E702004DC395 /* Ndela054_UPEAppUITests.swift in Sources */ = {isa = PBXBuildFile; fileRef = 7003797F24D3E702004DC395 /* Ndela054_UPEAppUITests.swift */; };
		7003798E24D3E7EC004DC395 /* ContactViewController.swift in Sources */ = {isa = PBXBuildFile; fileRef = 7003798D24D3E7EC004DC395 /* ContactViewController.swift */; };
		708FED0E24D65B39004FFAE6 /* CalendarTableCell.swift in Sources */ = {isa = PBXBuildFile; fileRef = 708FED0D24D65B39004FFAE6 /* CalendarTableCell.swift */; };
		70C59C7424D49EB300C55D90 /* Contacts.swift in Sources */ = {isa = PBXBuildFile; fileRef = 70C59C7324D49EB300C55D90 /* Contacts.swift */; };
/* End PBXBuildFile section */

/* Begin PBXContainerItemProxy section */
		7003797124D3E702004DC395 /* PBXContainerItemProxy */ = {
			isa = PBXContainerItemProxy;
			containerPortal = 7003795224D3E701004DC395 /* Project object */;
			proxyType = 1;
			remoteGlobalIDString = 7003795924D3E701004DC395;
			remoteInfo = "Ndela054-UPEApp";
		};
		7003797C24D3E702004DC395 /* PBXContainerItemProxy */ = {
			isa = PBXContainerItemProxy;
			containerPortal = 7003795224D3E701004DC395 /* Project object */;
			proxyType = 1;
			remoteGlobalIDString = 7003795924D3E701004DC395;
			remoteInfo = "Ndela054-UPEApp";
		};
/* End PBXContainerItemProxy section */

/* Begin PBXFileReference section */
		7003795A24D3E701004DC395 /* Ndela054-UPEApp.app */ = {isa = PBXFileReference; explicitFileType = wrapper.application; includeInIndex = 0; path = "Ndela054-UPEApp.app"; sourceTree = BUILT_PRODUCTS_DIR; };
		7003795D24D3E701004DC395 /* AppDelegate.swift */ = {isa = PBXFileReference; lastKnownFileType = sourcecode.swift; path = AppDelegate.swift; sourceTree = "<group>"; };
		7003795F24D3E701004DC395 /* ProgramViewController.swift */ = {isa = PBXFileReference; lastKnownFileType = sourcecode.swift; path = ProgramViewController.swift; sourceTree = "<group>"; };
		7003796124D3E701004DC395 /* CalendarViewController.swift */ = {isa = PBXFileReference; lastKnownFileType = sourcecode.swift; path = CalendarViewController.swift; sourceTree = "<group>"; };
		7003796424D3E701004DC395 /* Base */ = {isa = PBXFileReference; lastKnownFileType = file.storyboard; name = Base; path = Base.lproj/Main.storyboard; sourceTree = "<group>"; };
		7003796624D3E702004DC395 /* Assets.xcassets */ = {isa = PBXFileReference; lastKnownFileType = folder.assetcatalog; path = Assets.xcassets; sourceTree = "<group>"; };
		7003796924D3E702004DC395 /* Base */ = {isa = PBXFileReference; lastKnownFileType = file.storyboard; name = Base; path = Base.lproj/LaunchScreen.storyboard; sourceTree = "<group>"; };
		7003796B24D3E702004DC395 /* Info.plist */ = {isa = PBXFileReference; lastKnownFileType = text.plist.xml; path = Info.plist; sourceTree = "<group>"; };
		7003797024D3E702004DC395 /* Ndela054-UPEAppTests.xctest */ = {isa = PBXFileReference; explicitFileType = wrapper.cfbundle; includeInIndex = 0; path = "Ndela054-UPEAppTests.xctest"; sourceTree = BUILT_PRODUCTS_DIR; };
		7003797424D3E702004DC395 /* Ndela054_UPEAppTests.swift */ = {isa = PBXFileReference; lastKnownFileType = sourcecode.swift; path = Ndela054_UPEAppTests.swift; sourceTree = "<group>"; };
		7003797624D3E702004DC395 /* Info.plist */ = {isa = PBXFileReference; lastKnownFileType = text.plist.xml; path = Info.plist; sourceTree = "<group>"; };
		7003797B24D3E702004DC395 /* Ndela054-UPEAppUITests.xctest */ = {isa = PBXFileReference; explicitFileType = wrapper.cfbundle; includeInIndex = 0; path = "Ndela054-UPEAppUITests.xctest"; sourceTree = BUILT_PRODUCTS_DIR; };
		7003797F24D3E702004DC395 /* Ndela054_UPEAppUITests.swift */ = {isa = PBXFileReference; lastKnownFileType = sourcecode.swift; path = Ndela054_UPEAppUITests.swift; sourceTree = "<group>"; };
		7003798124D3E702004DC395 /* Info.plist */ = {isa = PBXFileReference; lastKnownFileType = text.plist.xml; path = Info.plist; sourceTree = "<group>"; };
		7003798D24D3E7EC004DC395 /* ContactViewController.swift */ = {isa = PBXFileReference; lastKnownFileType = sourcecode.swift; path = ContactViewController.swift; sourceTree = "<group>"; };
		708FED0D24D65B39004FFAE6 /* CalendarTableCell.swift */ = {isa = PBXFileReference; lastKnownFileType = sourcecode.swift; path = CalendarTableCell.swift; sourceTree = "<group>"; };
		70C59C7324D49EB300C55D90 /* Contacts.swift */ = {isa = PBXFileReference; lastKnownFileType = sourcecode.swift; path = Contacts.swift; sourceTree = "<group>"; };
/* End PBXFileReference section */

/* Begin PBXFrameworksBuildPhase section */
		7003795724D3E701004DC395 /* Frameworks */ = {
			isa = PBXFrameworksBuildPhase;
			buildActionMask = 2147483647;
			files = (
			);
			runOnlyForDeploymentPostprocessing = 0;
		};
		7003796D24D3E702004DC395 /* Frameworks */ = {
			isa = PBXFrameworksBuildPhase;
			buildActionMask = 2147483647;
			files = (
			);
			runOnlyForDeploymentPostprocessing = 0;
		};
		7003797824D3E702004DC395 /* Frameworks */ = {
			isa = PBXFrameworksBuildPhase;
			buildActionMask = 2147483647;
			files = (
			);
			runOnlyForDeploymentPostprocessing = 0;
		};
/* End PBXFrameworksBuildPhase section */

/* Begin PBXGroup section */
		7003795124D3E701004DC395 = {
			isa = PBXGroup;
			children = (
				7003795C24D3E701004DC395 /* Ndela054-UPEApp */,
				7003797324D3E702004DC395 /* Ndela054-UPEAppTests */,
				7003797E24D3E702004DC395 /* Ndela054-UPEAppUITests */,
				7003795B24D3E701004DC395 /* Products */,
			);
			sourceTree = "<group>";
		};
		7003795B24D3E701004DC395 /* Products */ = {
			isa = PBXGroup;
			children = (
				7003795A24D3E701004DC395 /* Ndela054-UPEApp.app */,
				7003797024D3E702004DC395 /* Ndela054-UPEAppTests.xctest */,
				7003797B24D3E702004DC395 /* Ndela054-UPEAppUITests.xctest */,
			);
			name = Products;
			sourceTree = "<group>";
		};
		7003795C24D3E701004DC395 /* Ndela054-UPEApp */ = {
			isa = PBXGroup;
			children = (
				7003795D24D3E701004DC395 /* AppDelegate.swift */,
				7003795F24D3E701004DC395 /* ProgramViewController.swift */,
				7003796124D3E701004DC395 /* CalendarViewController.swift */,
				708FED0D24D65B39004FFAE6 /* CalendarTableCell.swift */,
				7003796324D3E701004DC395 /* Main.storyboard */,
				70C59C7324D49EB300C55D90 /* Contacts.swift */,
				7003798D24D3E7EC004DC395 /* ContactViewController.swift */,
				7003796624D3E702004DC395 /* Assets.xcassets */,
				7003796824D3E702004DC395 /* LaunchScreen.storyboard */,
				7003796B24D3E702004DC395 /* Info.plist */,
			);
			path = "Ndela054-UPEApp";
			sourceTree = "<group>";
		};
		7003797324D3E702004DC395 /* Ndela054-UPEAppTests */ = {
			isa = PBXGroup;
			children = (
				7003797424D3E702004DC395 /* Ndela054_UPEAppTests.swift */,
				7003797624D3E702004DC395 /* Info.plist */,
			);
			path = "Ndela054-UPEAppTests";
			sourceTree = "<group>";
		};
		7003797E24D3E702004DC395 /* Ndela054-UPEAppUITests */ = {
			isa = PBXGroup;
			children = (
				7003797F24D3E702004DC395 /* Ndela054_UPEAppUITests.swift */,
				7003798124D3E702004DC395 /* Info.plist */,
			);
			path = "Ndela054-UPEAppUITests";
			sourceTree = "<group>";
		};
/* End PBXGroup section */

/* Begin PBXNativeTarget section */
		7003795924D3E701004DC395 /* Ndela054-UPEApp */ = {
			isa = PBXNativeTarget;
			buildConfigurationList = 7003798424D3E702004DC395 /* Build configuration list for PBXNativeTarget "Ndela054-UPEApp" */;
			buildPhases = (
				7003795624D3E701004DC395 /* Sources */,
				7003795724D3E701004DC395 /* Frameworks */,
				7003795824D3E701004DC395 /* Resources */,
			);
			buildRules = (
			);
			dependencies = (
			);
			name = "Ndela054-UPEApp";
			productName = "Ndela054-UPEApp";
			productReference = 7003795A24D3E701004DC395 /* Ndela054-UPEApp.app */;
			productType = "com.apple.product-type.application";
		};
		7003796F24D3E702004DC395 /* Ndela054-UPEAppTests */ = {
			isa = PBXNativeTarget;
			buildConfigurationList = 7003798724D3E702004DC395 /* Build configuration list for PBXNativeTarget "Ndela054-UPEAppTests" */;
			buildPhases = (
				7003796C24D3E702004DC395 /* Sources */,
				7003796D24D3E702004DC395 /* Frameworks */,
				7003796E24D3E702004DC395 /* Resources */,
			);
			buildRules = (
			);
			dependencies = (
				7003797224D3E702004DC395 /* PBXTargetDependency */,
			);
			name = "Ndela054-UPEAppTests";
			productName = "Ndela054-UPEAppTests";
			productReference = 7003797024D3E702004DC395 /* Ndela054-UPEAppTests.xctest */;
			productType = "com.apple.product-type.bundle.unit-test";
		};
		7003797A24D3E702004DC395 /* Ndela054-UPEAppUITests */ = {
			isa = PBXNativeTarget;
			buildConfigurationList = 7003798A24D3E702004DC395 /* Build configuration list for PBXNativeTarget "Ndela054-UPEAppUITests" */;
			buildPhases = (
				7003797724D3E702004DC395 /* Sources */,
				7003797824D3E702004DC395 /* Frameworks */,
				7003797924D3E702004DC395 /* Resources */,
			);
			buildRules = (
			);
			dependencies = (
				7003797D24D3E702004DC395 /* PBXTargetDependency */,
			);
			name = "Ndela054-UPEAppUITests";
			productName = "Ndela054-UPEAppUITests";
			productReference = 7003797B24D3E702004DC395 /* Ndela054-UPEAppUITests.xctest */;
			productType = "com.apple.product-type.bundle.ui-testing";
		};
/* End PBXNativeTarget section */

/* Begin PBXProject section */
		7003795224D3E701004DC395 /* Project object */ = {
			isa = PBXProject;
			attributes = {
				LastSwiftUpdateCheck = 1010;
				LastUpgradeCheck = 1010;
				ORGANIZATIONNAME = user175850;
				TargetAttributes = {
					7003795924D3E701004DC395 = {
						CreatedOnToolsVersion = 10.1;
					};
					7003796F24D3E702004DC395 = {
						CreatedOnToolsVersion = 10.1;
						TestTargetID = 7003795924D3E701004DC395;
					};
					7003797A24D3E702004DC395 = {
						CreatedOnToolsVersion = 10.1;
						TestTargetID = 7003795924D3E701004DC395;
					};
				};
			};
			buildConfigurationList = 7003795524D3E701004DC395 /* Build configuration list for PBXProject "Ndela054-UPEApp" */;
			compatibilityVersion = "Xcode 9.3";
			developmentRegion = en;
			hasScannedForEncodings = 0;
			knownRegions = (
				en,
				Base,
			);
			mainGroup = 7003795124D3E701004DC395;
			productRefGroup = 7003795B24D3E701004DC395 /* Products */;
			projectDirPath = "";
			projectRoot = "";
			targets = (
				7003795924D3E701004DC395 /* Ndela054-UPEApp */,
				7003796F24D3E702004DC395 /* Ndela054-UPEAppTests */,
				7003797A24D3E702004DC395 /* Ndela054-UPEAppUITests */,
			);
		};
/* End PBXProject section */

/* Begin PBXResourcesBuildPhase section */
		7003795824D3E701004DC395 /* Resources */ = {
			isa = PBXResourcesBuildPhase;
			buildActionMask = 2147483647;
			files = (
				7003796A24D3E702004DC395 /* LaunchScreen.storyboard in Resources */,
				7003796724D3E702004DC395 /* Assets.xcassets in Resources */,
				7003796524D3E701004DC395 /* Main.storyboard in Resources */,
			);
			runOnlyForDeploymentPostprocessing = 0;
		};
		7003796E24D3E702004DC395 /* Resources */ = {
			isa = PBXResourcesBuildPhase;
			buildActionMask = 2147483647;
			files = (
			);
			runOnlyForDeploymentPostprocessing = 0;
		};
		7003797924D3E702004DC395 /* Resources */ = {
			isa = PBXResourcesBuildPhase;
			buildActionMask = 2147483647;
			files = (
			);
			runOnlyForDeploymentPostprocessing = 0;
		};
/* End PBXResourcesBuildPhase section */

/* Begin PBXSourcesBuildPhase section */
		7003795624D3E701004DC395 /* Sources */ = {
			isa = PBXSourcesBuildPhase;
			buildActionMask = 2147483647;
			files = (
				7003796224D3E701004DC395 /* CalendarViewController.swift in Sources */,
				7003795E24D3E701004DC395 /* AppDelegate.swift in Sources */,
				708FED0E24D65B39004FFAE6 /* CalendarTableCell.swift in Sources */,
				7003798E24D3E7EC004DC395 /* ContactViewController.swift in Sources */,
				7003796024D3E701004DC395 /* ProgramViewController.swift in Sources */,
				70C59C7424D49EB300C55D90 /* Contacts.swift in Sources */,
			);
			runOnlyForDeploymentPostprocessing = 0;
		};
		7003796C24D3E702004DC395 /* Sources */ = {
			isa = PBXSourcesBuildPhase;
			buildActionMask = 2147483647;
			files = (
				7003797524D3E702004DC395 /* Ndela054_UPEAppTests.swift in Sources */,
			);
			runOnlyForDeploymentPostprocessing = 0;
		};
		7003797724D3E702004DC395 /* Sources */ = {
			isa = PBXSourcesBuildPhase;
			buildActionMask = 2147483647;
			files = (
				7003798024D3E702004DC395 /* Ndela054_UPEAppUITests.swift in Sources */,
			);
			runOnlyForDeploymentPostprocessing = 0;
		};
/* End PBXSourcesBuildPhase section */

/* Begin PBXTargetDependency section */
		7003797224D3E702004DC395 /* PBXTargetDependency */ = {
			isa = PBXTargetDependency;
			target = 7003795924D3E701004DC395 /* Ndela054-UPEApp */;
			targetProxy = 7003797124D3E702004DC395 /* PBXContainerItemProxy */;
		};
		7003797D24D3E702004DC395 /* PBXTargetDependency */ = {
			isa = PBXTargetDependency;
			target = 7003795924D3E701004DC395 /* Ndela054-UPEApp */;
			targetProxy = 7003797C24D3E702004DC395 /* PBXContainerItemProxy */;
		};
/* End PBXTargetDependency section */

/* Begin PBXVariantGroup section */
		7003796324D3E701004DC395 /* Main.storyboard */ = {
			isa = PBXVariantGroup;
			children = (
				7003796424D3E701004DC395 /* Base */,
			);
			name = Main.storyboard;
			sourceTree = "<group>";
		};
		7003796824D3E702004DC395 /* LaunchScreen.storyboard */ = {
			isa = PBXVariantGroup;
			children = (
				7003796924D3E702004DC395 /* Base */,
			);
			name = LaunchScreen.storyboard;
			sourceTree = "<group>";
		};
/* End PBXVariantGroup section */

/* Begin XCBuildConfiguration section */
		7003798224D3E702004DC395 /* Debug */ = {
			isa = XCBuildConfiguration;
			buildSettings = {
				ALWAYS_SEARCH_USER_PATHS = NO;
				CLANG_ANALYZER_NONNULL = YES;
				CLANG_ANALYZER_NUMBER_OBJECT_CONVERSION = YES_AGGRESSIVE;
				CLANG_CXX_LANGUAGE_STANDARD = "gnu++14";
				CLANG_CXX_LIBRARY = "libc++";
				CLANG_ENABLE_MODULES = YES;
				CLANG_ENABLE_OBJC_ARC = YES;
				CLANG_ENABLE_OBJC_WEAK = YES;
				CLANG_WARN_BLOCK_CAPTURE_AUTORELEASING = YES;
				CLANG_WARN_BOOL_CONVERSION = YES;
				CLANG_WARN_COMMA = YES;
				CLANG_WARN_CONSTANT_CONVERSION = YES;
				CLANG_WARN_DEPRECATED_OBJC_IMPLEMENTATIONS = YES;
				CLANG_WARN_DIRECT_OBJC_ISA_USAGE = YES_ERROR;
				CLANG_WARN_DOCUMENTATION_COMMENTS = YES;
				CLANG_WARN_EMPTY_BODY = YES;
				CLANG_WARN_ENUM_CONVERSION = YES;
				CLANG_WARN_INFINITE_RECURSION = YES;
				CLANG_WARN_INT_CONVERSION = YES;
				CLANG_WARN_NON_LITERAL_NULL_CONVERSION = YES;
				CLANG_WARN_OBJC_IMPLICIT_RETAIN_SELF = YES;
				CLANG_WARN_OBJC_LITERAL_CONVERSION = YES;
				CLANG_WARN_OBJC_ROOT_CLASS = YES_ERROR;
				CLANG_WARN_RANGE_LOOP_ANALYSIS = YES;
				CLANG_WARN_STRICT_PROTOTYPES = YES;
				CLANG_WARN_SUSPICIOUS_MOVE = YES;
				CLANG_WARN_UNGUARDED_AVAILABILITY = YES_AGGRESSIVE;
				CLANG_WARN_UNREACHABLE_CODE = YES;
				CLANG_WARN__DUPLICATE_METHOD_MATCH = YES;
				CODE_SIGN_IDENTITY = "iPhone Developer";
				COPY_PHASE_STRIP = NO;
				DEBUG_INFORMATION_FORMAT = dwarf;
				ENABLE_STRICT_OBJC_MSGSEND = YES;
				ENABLE_TESTABILITY = YES;
				GCC_C_LANGUAGE_STANDARD = gnu11;
				GCC_DYNAMIC_NO_PIC = NO;
				GCC_NO_COMMON_BLOCKS = YES;
				GCC_OPTIMIZATION_LEVEL = 0;
				GCC_PREPROCESSOR_DEFINITIONS = (
					"DEBUG=1",
					"$(inherited)",
				);
				GCC_WARN_64_TO_32_BIT_CONVERSION = YES;
				GCC_WARN_ABOUT_RETURN_TYPE = YES_ERROR;
				GCC_WARN_UNDECLARED_SELECTOR = YES;
				GCC_WARN_UNINITIALIZED_AUTOS = YES_AGGRESSIVE;
				GCC_WARN_UNUSED_FUNCTION = YES;
				GCC_WARN_UNUSED_VARIABLE = YES;
				IPHONEOS_DEPLOYMENT_TARGET = 12.1;
				MTL_ENABLE_DEBUG_INFO = INCLUDE_SOURCE;
				MTL_FAST_MATH = YES;
				ONLY_ACTIVE_ARCH = YES;
				SDKROOT = iphoneos;
				SWIFT_ACTIVE_COMPILATION_CONDITIONS = DEBUG;
				SWIFT_OPTIMIZATION_LEVEL = "-Onone";
			};
			name = Debug;
		};
		7003798324D3E702004DC395 /* Release */ = {
			isa = XCBuildConfiguration;
			buildSettings = {
				ALWAYS_SEARCH_USER_PATHS = NO;
				CLANG_ANALYZER_NONNULL = YES;
				CLANG_ANALYZER_NUMBER_OBJECT_CONVERSION = YES_AGGRESSIVE;
				CLANG_CXX_LANGUAGE_STANDARD = "gnu++14";
				CLANG_CXX_LIBRARY = "libc++";
				CLANG_ENABLE_MODULES = YES;
				CLANG_ENABLE_OBJC_ARC = YES;
				CLANG_ENABLE_OBJC_WEAK = YES;
				CLANG_WARN_BLOCK_CAPTURE_AUTORELEASING = YES;
				CLANG_WARN_BOOL_CONVERSION = YES;
				CLANG_WARN_COMMA = YES;
				CLANG_WARN_CONSTANT_CONVERSION = YES;
				CLANG_WARN_DEPRECATED_OBJC_IMPLEMENTATIONS = YES;
				CLANG_WARN_DIRECT_OBJC_ISA_USAGE = YES_ERROR;
				CLANG_WARN_DOCUMENTATION_COMMENTS = YES;
				CLANG_WARN_EMPTY_BODY = YES;
				CLANG_WARN_ENUM_CONVERSION = YES;
				CLANG_WARN_INFINITE_RECURSION = YES;
				CLANG_WARN_INT_CONVERSION = YES;
				CLANG_WARN_NON_LITERAL_NULL_CONVERSION = YES;
				CLANG_WARN_OBJC_IMPLICIT_RETAIN_SELF = YES;
				CLANG_WARN_OBJC_LITERAL_CONVERSION = YES;
				CLANG_WARN_OBJC_ROOT_CLASS = YES_ERROR;
				CLANG_WARN_RANGE_LOOP_ANALYSIS = YES;
				CLANG_WARN_STRICT_PROTOTYPES = YES;
				CLANG_WARN_SUSPICIOUS_MOVE = YES;
				CLANG_WARN_UNGUARDED_AVAILABILITY = YES_AGGRESSIVE;
				CLANG_WARN_UNREACHABLE_CODE = YES;
				CLANG_WARN__DUPLICATE_METHOD_MATCH = YES;
				CODE_SIGN_IDENTITY = "iPhone Developer";
				COPY_PHASE_STRIP = NO;
				DEBUG_INFORMATION_FORMAT = "dwarf-with-dsym";
				ENABLE_NS_ASSERTIONS = NO;
				ENABLE_STRICT_OBJC_MSGSEND = YES;
				GCC_C_LANGUAGE_STANDARD = gnu11;
				GCC_NO_COMMON_BLOCKS = YES;
				GCC_WARN_64_TO_32_BIT_CONVERSION = YES;
				GCC_WARN_ABOUT_RETURN_TYPE = YES_ERROR;
				GCC_WARN_UNDECLARED_SELECTOR = YES;
				GCC_WARN_UNINITIALIZED_AUTOS = YES_AGGRESSIVE;
				GCC_WARN_UNUSED_FUNCTION = YES;
				GCC_WARN_UNUSED_VARIABLE = YES;
				IPHONEOS_DEPLOYMENT_TARGET = 12.1;
				MTL_ENABLE_DEBUG_INFO = NO;
				MTL_FAST_MATH = YES;
				SDKROOT = iphoneos;
				SWIFT_COMPILATION_MODE = wholemodule;
				SWIFT_OPTIMIZATION_LEVEL = "-O";
				VALIDATE_PRODUCT = YES;
			};
			name = Release;
		};
		7003798524D3E702004DC395 /* Debug */ = {
			isa = XCBuildConfiguration;
			buildSettings = {
				ASSETCATALOG_COMPILER_APPICON_NAME = AppIcon;
				CODE_SIGN_STYLE = Automatic;
				DEVELOPMENT_TEAM = 77K8XWHKG6;
				INFOPLIST_FILE = "Ndela054-UPEApp/Info.plist";
				LD_RUNPATH_SEARCH_PATHS = (
					"$(inherited)",
					"@executable_path/Frameworks",
				);
				PRODUCT_BUNDLE_IDENTIFIER = "COP4655.Ndela054-UPEApp";
				PRODUCT_NAME = "$(TARGET_NAME)";
				SWIFT_VERSION = 4.2;
				TARGETED_DEVICE_FAMILY = "1,2";
			};
			name = Debug;
		};
		7003798624D3E702004DC395 /* Release */ = {
			isa = XCBuildConfiguration;
			buildSettings = {
				ASSETCATALOG_COMPILER_APPICON_NAME = AppIcon;
				CODE_SIGN_STYLE = Automatic;
				DEVELOPMENT_TEAM = 77K8XWHKG6;
				INFOPLIST_FILE = "Ndela054-UPEApp/Info.plist";
				LD_RUNPATH_SEARCH_PATHS = (
					"$(inherited)",
					"@executable_path/Frameworks",
				);
				PRODUCT_BUNDLE_IDENTIFIER = "COP4655.Ndela054-UPEApp";
				PRODUCT_NAME = "$(TARGET_NAME)";
				SWIFT_VERSION = 4.2;
				TARGETED_DEVICE_FAMILY = "1,2";
			};
			name = Release;
		};
		7003798824D3E702004DC395 /* Debug */ = {
			isa = XCBuildConfiguration;
			buildSettings = {
				ALWAYS_EMBED_SWIFT_STANDARD_LIBRARIES = YES;
				BUNDLE_LOADER = "$(TEST_HOST)";
				CODE_SIGN_STYLE = Automatic;
				DEVELOPMENT_TEAM = 77K8XWHKG6;
				INFOPLIST_FILE = "Ndela054-UPEAppTests/Info.plist";
				LD_RUNPATH_SEARCH_PATHS = (
					"$(inherited)",
					"@executable_path/Frameworks",
					"@loader_path/Frameworks",
				);
				PRODUCT_BUNDLE_IDENTIFIER = "COP4655.Ndela054-UPEAppTests";
				PRODUCT_NAME = "$(TARGET_NAME)";
				SWIFT_VERSION = 4.2;
				TARGETED_DEVICE_FAMILY = "1,2";
				TEST_HOST = "$(BUILT_PRODUCTS_DIR)/Ndela054-UPEApp.app/Ndela054-UPEApp";
			};
			name = Debug;
		};
		7003798924D3E702004DC395 /* Release */ = {
			isa = XCBuildConfiguration;
			buildSettings = {
				ALWAYS_EMBED_SWIFT_STANDARD_LIBRARIES = YES;
				BUNDLE_LOADER = "$(TEST_HOST)";
				CODE_SIGN_STYLE = Automatic;
				DEVELOPMENT_TEAM = 77K8XWHKG6;
				INFOPLIST_FILE = "Ndela054-UPEAppTests/Info.plist";
				LD_RUNPATH_SEARCH_PATHS = (
					"$(inherited)",
					"@executable_path/Frameworks",
					"@loader_path/Frameworks",
				);
				PRODUCT_BUNDLE_IDENTIFIER = "COP4655.Ndela054-UPEAppTests";
				PRODUCT_NAME = "$(TARGET_NAME)";
				SWIFT_VERSION = 4.2;
				TARGETED_DEVICE_FAMILY = "1,2";
				TEST_HOST = "$(BUILT_PRODUCTS_DIR)/Ndela054-UPEApp.app/Ndela054-UPEApp";
			};
			name = Release;
		};
		7003798B24D3E702004DC395 /* Debug */ = {
			isa = XCBuildConfiguration;
			buildSettings = {
				ALWAYS_EMBED_SWIFT_STANDARD_LIBRARIES = YES;
				CODE_SIGN_STYLE = Automatic;
				DEVELOPMENT_TEAM = 77K8XWHKG6;
				INFOPLIST_FILE = "Ndela054-UPEAppUITests/Info.plist";
				LD_RUNPATH_SEARCH_PATHS = (
					"$(inherited)",
					"@executable_path/Frameworks",
					"@loader_path/Frameworks",
				);
				PRODUCT_BUNDLE_IDENTIFIER = "COP4655.Ndela054-UPEAppUITests";
				PRODUCT_NAME = "$(TARGET_NAME)";
				SWIFT_VERSION = 4.2;
				TARGETED_DEVICE_FAMILY = "1,2";
				TEST_TARGET_NAME = "Ndela054-UPEApp";
			};
			name = Debug;
		};
		7003798C24D3E702004DC395 /* Release */ = {
			isa = XCBuildConfiguration;
			buildSettings = {
				ALWAYS_EMBED_SWIFT_STANDARD_LIBRARIES = YES;
				CODE_SIGN_STYLE = Automatic;
				DEVELOPMENT_TEAM = 77K8XWHKG6;
				INFOPLIST_FILE = "Ndela054-UPEAppUITests/Info.plist";
				LD_RUNPATH_SEARCH_PATHS = (
					"$(inherited)",
					"@executable_path/Frameworks",
					"@loader_path/Frameworks",
				);
				PRODUCT_BUNDLE_IDENTIFIER = "COP4655.Ndela054-UPEAppUITests";
				PRODUCT_NAME = "$(TARGET_NAME)";
				SWIFT_VERSION = 4.2;
				TARGETED_DEVICE_FAMILY = "1,2";
				TEST_TARGET_NAME = "Ndela054-UPEApp";
			};
			name = Release;
		};
/* End XCBuildConfiguration section */

/* Begin XCConfigurationList section */
		7003795524D3E701004DC395 /* Build configuration list for PBXProject "Ndela054-UPEApp" */ = {
			isa = XCConfigurationList;
			buildConfigurations = (
				7003798224D3E702004DC395 /* Debug */,
				7003798324D3E702004DC395 /* Release */,
			);
			defaultConfigurationIsVisible = 0;
			defaultConfigurationName = Release;
		};
		7003798424D3E702004DC395 /* Build configuration list for PBXNativeTarget "Ndela054-UPEApp" */ = {
			isa = XCConfigurationList;
			buildConfigurations = (
				7003798524D3E702004DC395 /* Debug */,
				7003798624D3E702004DC395 /* Release */,
			);
			defaultConfigurationIsVisible = 0;
			defaultConfigurationName = Release;
		};
		7003798724D3E702004DC395 /* Build configuration list for PBXNativeTarget "Ndela054-UPEAppTests" */ = {
			isa = XCConfigurationList;
			buildConfigurations = (
				7003798824D3E702004DC395 /* Debug */,
				7003798924D3E702004DC395 /* Release */,
			);
			defaultConfigurationIsVisible = 0;
			defaultConfigurationName = Release;
		};
		7003798A24D3E702004DC395 /* Build configuration list for PBXNativeTarget "Ndela054-UPEAppUITests" */ = {
			isa = XCConfigurationList;
			buildConfigurations = (
				7003798B24D3E702004DC395 /* Debug */,
				7003798C24D3E702004DC395 /* Release */,
			);
			defaultConfigurationIsVisible = 0;
			defaultConfigurationName = Release;
		};
/* End XCConfigurationList section */
	};
	rootObject = 7003795224D3E701004DC395 /* Project object */;
}
